
Microsoft Visual Studio Solution File, Format Version 12.00
# Visual Studio Version 16
VisualStudioVersion = 16.0.31729.503
MinimumVisualStudioVersion = 10.0.40219.1
Project("{FAE04EC0-301F-11D3-BF4B-00C04F79EFBC}") = "Startup Studio", "Startup Studio\Startup Studio.csproj", "{CDFC292B-95B5-4DD2-818C-41325D08A2D9}"
EndProject
Global
	GlobalSection(SolutionConfigurationPlatforms) = preSolution
		Debug|Any CPU = Debug|Any CPU
		Release|Any CPU = Release|Any CPU
	EndGlobalSection
	GlobalSection(ProjectConfigurationPlatforms) = postSolution
		{CDFC292B-95B5-4DD2-818C-41325D08A2D9}.Debug|Any CPU.ActiveCfg = Debug|Any CPU
		{CDFC292B-95B5-4DD2-818C-41325D08A2D9}.Debug|Any CPU.Build.0 = Debug|Any CPU
		{CDFC292B-95B5-4DD2-818C-41325D08A2D9}.Release|Any CPU.ActiveCfg = Release|Any CPU
		{CDFC292B-95B5-4DD2-818C-41325D08A2D9}.Release|Any CPU.Build.0 = Release|Any CPU
	EndGlobalSection
	GlobalSection(SolutionProperties) = preSolution
		HideSolutionNode = FALSE
	EndGlobalSection
	GlobalSection(ExtensibilityGlobals) = postSolution
		SolutionGuid = {DF19B278-45F0-46F7-B743-190AA397A99D}
	EndGlobalSection
EndGlobal
